// !$*UTF8*$!
{
	archiveVersion = 1;
	classes = {
	};
	objectVersion = 55;
	objects = {

/* Begin PBXBuildFile section */
		0442A0952847CC5D0017AC73 /* PointsView.swift in Sources */ = {isa = PBXBuildFile; fileRef = 0442A0942847CC5D0017AC73 /* PointsView.swift */; };
		0442A0972847DD120017AC73 /* Constants.swift in Sources */ = {isa = PBXBuildFile; fileRef = 0442A0962847DD120017AC73 /* Constants.swift */; };
		0442A0992847F36C0017AC73 /* LeaderboardView.swift in Sources */ = {isa = PBXBuildFile; fileRef = 0442A0982847F36C0017AC73 /* LeaderboardView.swift */; };
		045B0F412840D35E000DE333 /* ShapeView.swift in Sources */ = {isa = PBXBuildFile; fileRef = 045B0F402840D35E000DE333 /* ShapeView.swift */; };
		045B0F432840D9D1000DE333 /* RoundViews.swift in Sources */ = {isa = PBXBuildFile; fileRef = 045B0F422840D9D1000DE333 /* RoundViews.swift */; };
		045B0F452840E805000DE333 /* BackgroundView.swift in Sources */ = {isa = PBXBuildFile; fileRef = 045B0F442840E805000DE333 /* BackgroundView.swift */; };
		049494132840242500B42760 /* TextView.swift in Sources */ = {isa = PBXBuildFile; fileRef = 049494122840242500B42760 /* TextView.swift */; };
		04AC7AF9283CFA9E00E79425 /* BullseyeApp.swift in Sources */ = {isa = PBXBuildFile; fileRef = 04AC7AF8283CFA9E00E79425 /* BullseyeApp.swift */; };
		04AC7AFB283CFA9E00E79425 /* ContentView.swift in Sources */ = {isa = PBXBuildFile; fileRef = 04AC7AFA283CFA9E00E79425 /* ContentView.swift */; };
		04AC7AFD283CFAA000E79425 /* Assets.xcassets in Resources */ = {isa = PBXBuildFile; fileRef = 04AC7AFC283CFAA000E79425 /* Assets.xcassets */; };
		04AC7B00283CFAA000E79425 /* Preview Assets.xcassets in Resources */ = {isa = PBXBuildFile; fileRef = 04AC7AFF283CFAA000E79425 /* Preview Assets.xcassets */; };
		04C3C440283E524400CF359A /* Game.swift in Sources */ = {isa = PBXBuildFile; fileRef = 04C3C43F283E524400CF359A /* Game.swift */; };
		04C3C448283E5E5E00CF359A /* BullseyeTests.swift in Sources */ = {isa = PBXBuildFile; fileRef = 04C3C447283E5E5E00CF359A /* BullseyeTests.swift */; };
/* End PBXBuildFile section */

/* Begin PBXContainerItemProxy section */
		04C3C449283E5E5E00CF359A /* PBXContainerItemProxy */ = {
			isa = PBXContainerItemProxy;
			containerPortal = 04AC7AED283CFA9E00E79425 /* Project object */;
			proxyType = 1;
			remoteGlobalIDString = 04AC7AF4283CFA9E00E79425;
			remoteInfo = Bullseye;
		};
/* End PBXContainerItemProxy section */

/* Begin PBXFileReference section */
		0442A0942847CC5D0017AC73 /* PointsView.swift */ = {isa = PBXFileReference; lastKnownFileType = sourcecode.swift; path = PointsView.swift; sourceTree = "<group>"; };
		0442A0962847DD120017AC73 /* Constants.swift */ = {isa = PBXFileReference; lastKnownFileType = sourcecode.swift; path = Constants.swift; sourceTree = "<group>"; };
		0442A0982847F36C0017AC73 /* LeaderboardView.swift */ = {isa = PBXFileReference; lastKnownFileType = sourcecode.swift; path = LeaderboardView.swift; sourceTree = "<group>"; };
		045B0F402840D35E000DE333 /* ShapeView.swift */ = {isa = PBXFileReference; lastKnownFileType = sourcecode.swift; path = ShapeView.swift; sourceTree = "<group>"; };
		045B0F422840D9D1000DE333 /* RoundViews.swift */ = {isa = PBXFileReference; lastKnownFileType = sourcecode.swift; path = RoundViews.swift; sourceTree = "<group>"; };
		045B0F442840E805000DE333 /* BackgroundView.swift */ = {isa = PBXFileReference; lastKnownFileType = sourcecode.swift; path = BackgroundView.swift; sourceTree = "<group>"; };
		049494122840242500B42760 /* TextView.swift */ = {isa = PBXFileReference; lastKnownFileType = sourcecode.swift; path = TextView.swift; sourceTree = "<group>"; };
		04AC7AF5283CFA9E00E79425 /* Bullseye.app */ = {isa = PBXFileReference; explicitFileType = wrapper.application; includeInIndex = 0; path = Bullseye.app; sourceTree = BUILT_PRODUCTS_DIR; };
		04AC7AF8283CFA9E00E79425 /* BullseyeApp.swift */ = {isa = PBXFileReference; lastKnownFileType = sourcecode.swift; path = BullseyeApp.swift; sourceTree = "<group>"; };
		04AC7AFA283CFA9E00E79425 /* ContentView.swift */ = {isa = PBXFileReference; lastKnownFileType = sourcecode.swift; path = ContentView.swift; sourceTree = "<group>"; };
		04AC7AFC283CFAA000E79425 /* Assets.xcassets */ = {isa = PBXFileReference; lastKnownFileType = folder.assetcatalog; path = Assets.xcassets; sourceTree = "<group>"; };
		04AC7AFF283CFAA000E79425 /* Preview Assets.xcassets */ = {isa = PBXFileReference; lastKnownFileType = folder.assetcatalog; path = "Preview Assets.xcassets"; sourceTree = "<group>"; };
		04C3C43F283E524400CF359A /* Game.swift */ = {isa = PBXFileReference; lastKnownFileType = sourcecode.swift; path = Game.swift; sourceTree = "<group>"; };
		04C3C445283E5E5E00CF359A /* BullseyeTests.xctest */ = {isa = PBXFileReference; explicitFileType = wrapper.cfbundle; includeInIndex = 0; path = BullseyeTests.xctest; sourceTree = BUILT_PRODUCTS_DIR; };
		04C3C447283E5E5E00CF359A /* BullseyeTests.swift */ = {isa = PBXFileReference; lastKnownFileType = sourcecode.swift; path = BullseyeTests.swift; sourceTree = "<group>"; };
/* End PBXFileReference section */

/* Begin PBXFrameworksBuildPhase section */
		04AC7AF2283CFA9E00E79425 /* Frameworks */ = {
			isa = PBXFrameworksBuildPhase;
			buildActionMask = 2147483647;
			files = (
			);
			runOnlyForDeploymentPostprocessing = 0;
		};
		04C3C442283E5E5E00CF359A /* Frameworks */ = {
			isa = PBXFrameworksBuildPhase;
			buildActionMask = 2147483647;
			files = (
			);
			runOnlyForDeploymentPostprocessing = 0;
		};
/* End PBXFrameworksBuildPhase section */

/* Begin PBXGroup section */
		04AC7AEC283CFA9E00E79425 = {
			isa = PBXGroup;
			children = (
				04AC7AF7283CFA9E00E79425 /* Bullseye */,
				04C3C446283E5E5E00CF359A /* BullseyeTests */,
				04AC7AF6283CFA9E00E79425 /* Products */,
			);
			sourceTree = "<group>";
		};
		04AC7AF6283CFA9E00E79425 /* Products */ = {
			isa = PBXGroup;
			children = (
				04AC7AF5283CFA9E00E79425 /* Bullseye.app */,
				04C3C445283E5E5E00CF359A /* BullseyeTests.xctest */,
			);
			name = Products;
			sourceTree = "<group>";
		};
		04AC7AF7283CFA9E00E79425 /* Bullseye */ = {
			isa = PBXGroup;
			children = (
				04C3C43E283E518E00CF359A /* App */,
				04C3C43D283E515800CF359A /* Views */,
				04C3C43C283E515100CF359A /* Models */,
				04AC7AFE283CFAA000E79425 /* Preview Content */,
			);
			path = Bullseye;
			sourceTree = "<group>";
		};
		04AC7AFE283CFAA000E79425 /* Preview Content */ = {
			isa = PBXGroup;
			children = (
				04AC7AFF283CFAA000E79425 /* Preview Assets.xcassets */,
			);
			path = "Preview Content";
			sourceTree = "<group>";
		};
		04C3C43C283E515100CF359A /* Models */ = {
			isa = PBXGroup;
			children = (
				04C3C43F283E524400CF359A /* Game.swift */,
				0442A0962847DD120017AC73 /* Constants.swift */,
			);
			path = Models;
			sourceTree = "<group>";
		};
		04C3C43D283E515800CF359A /* Views */ = {
			isa = PBXGroup;
			children = (
				04AC7AFA283CFA9E00E79425 /* ContentView.swift */,
				049494122840242500B42760 /* TextView.swift */,
				045B0F402840D35E000DE333 /* ShapeView.swift */,
				045B0F422840D9D1000DE333 /* RoundViews.swift */,
				045B0F442840E805000DE333 /* BackgroundView.swift */,
				0442A0942847CC5D0017AC73 /* PointsView.swift */,
				0442A0982847F36C0017AC73 /* LeaderboardView.swift */,
			);
			path = Views;
			sourceTree = "<group>";
		};
		04C3C43E283E518E00CF359A /* App */ = {
			isa = PBXGroup;
			children = (
				04AC7AF8283CFA9E00E79425 /* BullseyeApp.swift */,
				04AC7AFC283CFAA000E79425 /* Assets.xcassets */,
			);
			path = App;
			sourceTree = "<group>";
		};
		04C3C446283E5E5E00CF359A /* BullseyeTests */ = {
			isa = PBXGroup;
			children = (
				04C3C447283E5E5E00CF359A /* BullseyeTests.swift */,
			);
			path = BullseyeTests;
			sourceTree = "<group>";
		};
/* End PBXGroup section */

/* Begin PBXNativeTarget section */
		04AC7AF4283CFA9E00E79425 /* Bullseye */ = {
			isa = PBXNativeTarget;
			buildConfigurationList = 04AC7B03283CFAA000E79425 /* Build configuration list for PBXNativeTarget "Bullseye" */;
			buildPhases = (
				04AC7AF1283CFA9E00E79425 /* Sources */,
				04AC7AF2283CFA9E00E79425 /* Frameworks */,
				04AC7AF3283CFA9E00E79425 /* Resources */,
			);
			buildRules = (
			);
			dependencies = (
			);
			name = Bullseye;
			productName = Bullseye;
			productReference = 04AC7AF5283CFA9E00E79425 /* Bullseye.app */;
			productType = "com.apple.product-type.application";
		};
		04C3C444283E5E5E00CF359A /* BullseyeTests */ = {
			isa = PBXNativeTarget;
			buildConfigurationList = 04C3C44B283E5E5E00CF359A /* Build configuration list for PBXNativeTarget "BullseyeTests" */;
			buildPhases = (
				04C3C441283E5E5E00CF359A /* Sources */,
				04C3C442283E5E5E00CF359A /* Frameworks */,
				04C3C443283E5E5E00CF359A /* Resources */,
			);
			buildRules = (
			);
			dependencies = (
				04C3C44A283E5E5E00CF359A /* PBXTargetDependency */,
			);
			name = BullseyeTests;
			productName = BullseyeTests;
			productReference = 04C3C445283E5E5E00CF359A /* BullseyeTests.xctest */;
			productType = "com.apple.product-type.bundle.unit-test";
		};
/* End PBXNativeTarget section */

/* Begin PBXProject section */
		04AC7AED283CFA9E00E79425 /* Project object */ = {
			isa = PBXProject;
			attributes = {
				BuildIndependentTargetsInParallel = 1;
				LastSwiftUpdateCheck = 1340;
				LastUpgradeCheck = 1340;
				TargetAttributes = {
					04AC7AF4283CFA9E00E79425 = {
						CreatedOnToolsVersion = 13.4;
					};
					04C3C444283E5E5E00CF359A = {
						CreatedOnToolsVersion = 13.4;
						TestTargetID = 04AC7AF4283CFA9E00E79425;
					};
				};
			};
			buildConfigurationList = 04AC7AF0283CFA9E00E79425 /* Build configuration list for PBXProject "Bullseye" */;
			compatibilityVersion = "Xcode 13.0";
			developmentRegion = en;
			hasScannedForEncodings = 0;
			knownRegions = (
				en,
				Base,
			);
			mainGroup = 04AC7AEC283CFA9E00E79425;
			productRefGroup = 04AC7AF6283CFA9E00E79425 /* Products */;
			projectDirPath = "";
			projectRoot = "";
			targets = (
				04AC7AF4283CFA9E00E79425 /* Bullseye */,
				04C3C444283E5E5E00CF359A /* BullseyeTests */,
			);
		};
/* End PBXProject section */

/* Begin PBXResourcesBuildPhase section */
		04AC7AF3283CFA9E00E79425 /* Resources */ = {
			isa = PBXResourcesBuildPhase;
			buildActionMask = 2147483647;
			files = (
				04AC7B00283CFAA000E79425 /* Preview Assets.xcassets in Resources */,
				04AC7AFD283CFAA000E79425 /* Assets.xcassets in Resources */,
			);
			runOnlyForDeploymentPostprocessing = 0;
		};
		04C3C443283E5E5E00CF359A /* Resources */ = {
			isa = PBXResourcesBuildPhase;
			buildActionMask = 2147483647;
			files = (
			);
			runOnlyForDeploymentPostprocessing = 0;
		};
/* End PBXResourcesBuildPhase section */

/* Begin PBXSourcesBuildPhase section */
		04AC7AF1283CFA9E00E79425 /* Sources */ = {
			isa = PBXSourcesBuildPhase;
			buildActionMask = 2147483647;
			files = (
				0442A0992847F36C0017AC73 /* LeaderboardView.swift in Sources */,
				045B0F412840D35E000DE333 /* ShapeView.swift in Sources */,
				04AC7AFB283CFA9E00E79425 /* ContentView.swift in Sources */,
				049494132840242500B42760 /* TextView.swift in Sources */,
				0442A0952847CC5D0017AC73 /* PointsView.swift in Sources */,
				045B0F452840E805000DE333 /* BackgroundView.swift in Sources */,
				04C3C440283E524400CF359A /* Game.swift in Sources */,
				0442A0972847DD120017AC73 /* Constants.swift in Sources */,
				04AC7AF9283CFA9E00E79425 /* BullseyeApp.swift in Sources */,
				045B0F432840D9D1000DE333 /* RoundViews.swift in Sources */,
			);
			runOnlyForDeploymentPostprocessing = 0;
		};
		04C3C441283E5E5E00CF359A /* Sources */ = {
			isa = PBXSourcesBuildPhase;
			buildActionMask = 2147483647;
			files = (
				04C3C448283E5E5E00CF359A /* BullseyeTests.swift in Sources */,
			);
			runOnlyForDeploymentPostprocessing = 0;
		};
/* End PBXSourcesBuildPhase section */

/* Begin PBXTargetDependency section */
		04C3C44A283E5E5E00CF359A /* PBXTargetDependency */ = {
			isa = PBXTargetDependency;
			target = 04AC7AF4283CFA9E00E79425 /* Bullseye */;
			targetProxy = 04C3C449283E5E5E00CF359A /* PBXContainerItemProxy */;
		};
/* End PBXTargetDependency section */

/* Begin XCBuildConfiguration section */
		04AC7B01283CFAA000E79425 /* Debug */ = {
			isa = XCBuildConfiguration;
			buildSettings = {
				ALWAYS_SEARCH_USER_PATHS = NO;
				CLANG_ANALYZER_NONNULL = YES;
				CLANG_ANALYZER_NUMBER_OBJECT_CONVERSION = YES_AGGRESSIVE;
				CLANG_CXX_LANGUAGE_STANDARD = "gnu++17";
				CLANG_ENABLE_MODULES = YES;
				CLANG_ENABLE_OBJC_ARC = YES;
				CLANG_ENABLE_OBJC_WEAK = YES;
				CLANG_WARN_BLOCK_CAPTURE_AUTORELEASING = YES;
				CLANG_WARN_BOOL_CONVERSION = YES;
				CLANG_WARN_COMMA = YES;
				CLANG_WARN_CONSTANT_CONVERSION = YES;
				CLANG_WARN_DEPRECATED_OBJC_IMPLEMENTATIONS = YES;
				CLANG_WARN_DIRECT_OBJC_ISA_USAGE = YES_ERROR;
				CLANG_WARN_DOCUMENTATION_COMMENTS = YES;
				CLANG_WARN_EMPTY_BODY = YES;
				CLANG_WARN_ENUM_CONVERSION = YES;
				CLANG_WARN_INFINITE_RECURSION = YES;
				CLANG_WARN_INT_CONVERSION = YES;
				CLANG_WARN_NON_LITERAL_NULL_CONVERSION = YES;
				CLANG_WARN_OBJC_IMPLICIT_RETAIN_SELF = YES;
				CLANG_WARN_OBJC_LITERAL_CONVERSION = YES;
				CLANG_WARN_OBJC_ROOT_CLASS = YES_ERROR;
				CLANG_WARN_QUOTED_INCLUDE_IN_FRAMEWORK_HEADER = YES;
				CLANG_WARN_RANGE_LOOP_ANALYSIS = YES;
				CLANG_WARN_STRICT_PROTOTYPES = YES;
				CLANG_WARN_SUSPICIOUS_MOVE = YES;
				CLANG_WARN_UNGUARDED_AVAILABILITY = YES_AGGRESSIVE;
				CLANG_WARN_UNREACHABLE_CODE = YES;
				CLANG_WARN__DUPLICATE_METHOD_MATCH = YES;
				COPY_PHASE_STRIP = NO;
				DEBUG_INFORMATION_FORMAT = dwarf;
				ENABLE_STRICT_OBJC_MSGSEND = YES;
				ENABLE_TESTABILITY = YES;
				GCC_C_LANGUAGE_STANDARD = gnu11;
				GCC_DYNAMIC_NO_PIC = NO;
				GCC_NO_COMMON_BLOCKS = YES;
				GCC_OPTIMIZATION_LEVEL = 0;
				GCC_PREPROCESSOR_DEFINITIONS = (
					"DEBUG=1",
					"$(inherited)",
				);
				GCC_WARN_64_TO_32_BIT_CONVERSION = YES;
				GCC_WARN_ABOUT_RETURN_TYPE = YES_ERROR;
				GCC_WARN_UNDECLARED_SELECTOR = YES;
				GCC_WARN_UNINITIALIZED_AUTOS = YES_AGGRESSIVE;
				GCC_WARN_UNUSED_FUNCTION = YES;
				GCC_WARN_UNUSED_VARIABLE = YES;
				IPHONEOS_DEPLOYMENT_TARGET = 15.5;
				MTL_ENABLE_DEBUG_INFO = INCLUDE_SOURCE;
				MTL_FAST_MATH = YES;
				ONLY_ACTIVE_ARCH = YES;
				SDKROOT = iphoneos;
				SWIFT_ACTIVE_COMPILATION_CONDITIONS = DEBUG;
				SWIFT_OPTIMIZATION_LEVEL = "-Onone";
			};
			name = Debug;
		};
		04AC7B02283CFAA000E79425 /* Release */ = {
			isa = XCBuildConfiguration;
			buildSettings = {
				ALWAYS_SEARCH_USER_PATHS = NO;
				CLANG_ANALYZER_NONNULL = YES;
				CLANG_ANALYZER_NUMBER_OBJECT_CONVERSION = YES_AGGRESSIVE;
				CLANG_CXX_LANGUAGE_STANDARD = "gnu++17";
				CLANG_ENABLE_MODULES = YES;
				CLANG_ENABLE_OBJC_ARC = YES;
				CLANG_ENABLE_OBJC_WEAK = YES;
				CLANG_WARN_BLOCK_CAPTURE_AUTORELEASING = YES;
				CLANG_WARN_BOOL_CONVERSION = YES;
				CLANG_WARN_COMMA = YES;
				CLANG_WARN_CONSTANT_CONVERSION = YES;
				CLANG_WARN_DEPRECATED_OBJC_IMPLEMENTATIONS = YES;
				CLANG_WARN_DIRECT_OBJC_ISA_USAGE = YES_ERROR;
				CLANG_WARN_DOCUMENTATION_COMMENTS = YES;
				CLANG_WARN_EMPTY_BODY = YES;
				CLANG_WARN_ENUM_CONVERSION = YES;
				CLANG_WARN_INFINITE_RECURSION = YES;
				CLANG_WARN_INT_CONVERSION = YES;
				CLANG_WARN_NON_LITERAL_NULL_CONVERSION = YES;
				CLANG_WARN_OBJC_IMPLICIT_RETAIN_SELF = YES;
				CLANG_WARN_OBJC_LITERAL_CONVERSION = YES;
				CLANG_WARN_OBJC_ROOT_CLASS = YES_ERROR;
				CLANG_WARN_QUOTED_INCLUDE_IN_FRAMEWORK_HEADER = YES;
				CLANG_WARN_RANGE_LOOP_ANALYSIS = YES;
				CLANG_WARN_STRICT_PROTOTYPES = YES;
				CLANG_WARN_SUSPICIOUS_MOVE = YES;
				CLANG_WARN_UNGUARDED_AVAILABILITY = YES_AGGRESSIVE;
				CLANG_WARN_UNREACHABLE_CODE = YES;
				CLANG_WARN__DUPLICATE_METHOD_MATCH = YES;
				COPY_PHASE_STRIP = NO;
				DEBUG_INFORMATION_FORMAT = "dwarf-with-dsym";
				ENABLE_NS_ASSERTIONS = NO;
				ENABLE_STRICT_OBJC_MSGSEND = YES;
				GCC_C_LANGUAGE_STANDARD = gnu11;
				GCC_NO_COMMON_BLOCKS = YES;
				GCC_WARN_64_TO_32_BIT_CONVERSION = YES;
				GCC_WARN_ABOUT_RETURN_TYPE = YES_ERROR;
				GCC_WARN_UNDECLARED_SELECTOR = YES;
				GCC_WARN_UNINITIALIZED_AUTOS = YES_AGGRESSIVE;
				GCC_WARN_UNUSED_FUNCTION = YES;
				GCC_WARN_UNUSED_VARIABLE = YES;
				IPHONEOS_DEPLOYMENT_TARGET = 15.5;
				MTL_ENABLE_DEBUG_INFO = NO;
				MTL_FAST_MATH = YES;
				SDKROOT = iphoneos;
				SWIFT_COMPILATION_MODE = wholemodule;
				SWIFT_OPTIMIZATION_LEVEL = "-O";
				VALIDATE_PRODUCT = YES;
			};
			name = Release;
		};
		04AC7B04283CFAA000E79425 /* Debug */ = {
			isa = XCBuildConfiguration;
			buildSettings = {
				ASSETCATALOG_COMPILER_APPICON_NAME = AppIcon;
				ASSETCATALOG_COMPILER_GLOBAL_ACCENT_COLOR_NAME = AccentColor;
				CODE_SIGN_STYLE = Automatic;
				CURRENT_PROJECT_VERSION = 1;
				DEVELOPMENT_ASSET_PATHS = "\"Bullseye/Preview Content\"";
				DEVELOPMENT_TEAM = B72SLWGSLG;
				ENABLE_PREVIEWS = YES;
				GENERATE_INFOPLIST_FILE = YES;
				INFOPLIST_KEY_UIApplicationSceneManifest_Generation = YES;
				INFOPLIST_KEY_UIApplicationSupportsIndirectInputEvents = YES;
				INFOPLIST_KEY_UILaunchScreen_Generation = YES;
				INFOPLIST_KEY_UISupportedInterfaceOrientations_iPad = "UIInterfaceOrientationPortrait UIInterfaceOrientationPortraitUpsideDown UIInterfaceOrientationLandscapeLeft UIInterfaceOrientationLandscapeRight";
				INFOPLIST_KEY_UISupportedInterfaceOrientations_iPhone = "UIInterfaceOrientationPortrait UIInterfaceOrientationLandscapeLeft UIInterfaceOrientationLandscapeRight";
				LD_RUNPATH_SEARCH_PATHS = (
					"$(inherited)",
					"@executable_path/Frameworks",
				);
				MARKETING_VERSION = 1.0;
				PRODUCT_BUNDLE_IDENTIFIER = com.natalie.Bullseye;
				PRODUCT_NAME = "$(TARGET_NAME)";
				SWIFT_EMIT_LOC_STRINGS = YES;
				SWIFT_VERSION = 5.0;
				TARGETED_DEVICE_FAMILY = "1,2";
			};
			name = Debug;
		};
		04AC7B05283CFAA000E79425 /* Release */ = {
			isa = XCBuildConfiguration;
			buildSettings = {
				ASSETCATALOG_COMPILER_APPICON_NAME = AppIcon;
				ASSETCATALOG_COMPILER_GLOBAL_ACCENT_COLOR_NAME = AccentColor;
				CODE_SIGN_STYLE = Automatic;
				CURRENT_PROJECT_VERSION = 1;
				DEVELOPMENT_ASSET_PATHS = "\"Bullseye/Preview Content\"";
				DEVELOPMENT_TEAM = B72SLWGSLG;
				ENABLE_PREVIEWS = YES;
				GENERATE_INFOPLIST_FILE = YES;
				INFOPLIST_KEY_UIApplicationSceneManifest_Generation = YES;
				INFOPLIST_KEY_UIApplicationSupportsIndirectInputEvents = YES;
				INFOPLIST_KEY_UILaunchScreen_Generation = YES;
				INFOPLIST_KEY_UISupportedInterfaceOrientations_iPad = "UIInterfaceOrientationPortrait UIInterfaceOrientationPortraitUpsideDown UIInterfaceOrientationLandscapeLeft UIInterfaceOrientationLandscapeRight";
				INFOPLIST_KEY_UISupportedInterfaceOrientations_iPhone = "UIInterfaceOrientationPortrait UIInterfaceOrientationLandscapeLeft UIInterfaceOrientationLandscapeRight";
				LD_RUNPATH_SEARCH_PATHS = (
					"$(inherited)",
					"@executable_path/Frameworks",
				);
				MARKETING_VERSION = 1.0;
				PRODUCT_BUNDLE_IDENTIFIER = com.natalie.Bullseye;
				PRODUCT_NAME = "$(TARGET_NAME)";
				SWIFT_EMIT_LOC_STRINGS = YES;
				SWIFT_VERSION = 5.0;
				TARGETED_DEVICE_FAMILY = "1,2";
			};
			name = Release;
		};
		04C3C44C283E5E5E00CF359A /* Debug */ = {
			isa = XCBuildConfiguration;
			buildSettings = {
				BUNDLE_LOADER = "$(TEST_HOST)";
				CODE_SIGN_STYLE = Automatic;
				CURRENT_PROJECT_VERSION = 1;
				DEVELOPMENT_TEAM = B72SLWGSLG;
				GENERATE_INFOPLIST_FILE = YES;
				MARKETING_VERSION = 1.0;
				PRODUCT_BUNDLE_IDENTIFIER = "com.example.natalie.alibegashvili-gmail.com.BullseyeTests";
				PRODUCT_NAME = "$(TARGET_NAME)";
				SWIFT_EMIT_LOC_STRINGS = NO;
				SWIFT_VERSION = 5.0;
				TARGETED_DEVICE_FAMILY = "1,2";
				TEST_HOST = "$(BUILT_PRODUCTS_DIR)/Bullseye.app/Bullseye";
			};
			name = Debug;
		};
		04C3C44D283E5E5E00CF359A /* Release */ = {
			isa = XCBuildConfiguration;
			buildSettings = {
				BUNDLE_LOADER = "$(TEST_HOST)";
				CODE_SIGN_STYLE = Automatic;
				CURRENT_PROJECT_VERSION = 1;
				DEVELOPMENT_TEAM = B72SLWGSLG;
				GENERATE_INFOPLIST_FILE = YES;
				MARKETING_VERSION = 1.0;
				PRODUCT_BUNDLE_IDENTIFIER = "com.example.natalie.alibegashvili-gmail.com.BullseyeTests";
				PRODUCT_NAME = "$(TARGET_NAME)";
				SWIFT_EMIT_LOC_STRINGS = NO;
				SWIFT_VERSION = 5.0;
				TARGETED_DEVICE_FAMILY = "1,2";
				TEST_HOST = "$(BUILT_PRODUCTS_DIR)/Bullseye.app/Bullseye";
			};
			name = Release;
		};
/* End XCBuildConfiguration section */

/* Begin XCConfigurationList section */
		04AC7AF0283CFA9E00E79425 /* Build configuration list for PBXProject "Bullseye" */ = {
			isa = XCConfigurationList;
			buildConfigurations = (
				04AC7B01283CFAA000E79425 /* Debug */,
				04AC7B02283CFAA000E79425 /* Release */,
			);
			defaultConfigurationIsVisible = 0;
			defaultConfigurationName = Release;
		};
		04AC7B03283CFAA000E79425 /* Build configuration list for PBXNativeTarget "Bullseye" */ = {
			isa = XCConfigurationList;
			buildConfigurations = (
				04AC7B04283CFAA000E79425 /* Debug */,
				04AC7B05283CFAA000E79425 /* Release */,
			);
			defaultConfigurationIsVisible = 0;
			defaultConfigurationName = Release;
		};
		04C3C44B283E5E5E00CF359A /* Build configuration list for PBXNativeTarget "BullseyeTests" */ = {
			isa = XCConfigurationList;
			buildConfigurations = (
				04C3C44C283E5E5E00CF359A /* Debug */,
				04C3C44D283E5E5E00CF359A /* Release */,
			);
			defaultConfigurationIsVisible = 0;
			defaultConfigurationName = Release;
		};
/* End XCConfigurationList section */
	};
	rootObject = 04AC7AED283CFA9E00E79425 /* Project object */;
}
